
Microsoft Visual Studio Solution File, Format Version 12.00
# Visual Studio Version 17
VisualStudioVersion = 17.0.31919.166
MinimumVisualStudioVersion = 10.0.40219.1
Project("{FAE04EC0-301F-11D3-BF4B-00C04F79EFBC}") = "Ventas1.0.0", "Ventas1.0.0\Ventas1.0.0.csproj", "{D8F421BC-4ABA-4E6B-9568-461F3841B4BF}"
EndProject
Project("{FAE04EC0-301F-11D3-BF4B-00C04F79EFBC}") = "Datos", "Datos\Datos.csproj", "{1622A794-458C-4268-AAFD-A8CEA567FBC3}"
EndProject
Project("{FAE04EC0-301F-11D3-BF4B-00C04F79EFBC}") = "Negocios", "Negocios\Negocios.csproj", "{E1A9C6BE-280D-4246-A51B-A1B31565F50B}"
EndProject
Project("{FAE04EC0-301F-11D3-BF4B-00C04F79EFBC}") = "Identidades", "Identidades\Identidades.csproj", "{F04F6BE3-108F-4BF0-90C0-16BE4C89C004}"
EndProject
Global
	GlobalSection(SolutionConfigurationPlatforms) = preSolution
		Debug|Any CPU = Debug|Any CPU
		Release|Any CPU = Release|Any CPU
	EndGlobalSection
	GlobalSection(ProjectConfigurationPlatforms) = postSolution
		{D8F421BC-4ABA-4E6B-9568-461F3841B4BF}.Debug|Any CPU.ActiveCfg = Debug|Any CPU
		{D8F421BC-4ABA-4E6B-9568-461F3841B4BF}.Debug|Any CPU.Build.0 = Debug|Any CPU
		{D8F421BC-4ABA-4E6B-9568-461F3841B4BF}.Release|Any CPU.ActiveCfg = Release|Any CPU
		{D8F421BC-4ABA-4E6B-9568-461F3841B4BF}.Release|Any CPU.Build.0 = Release|Any CPU
		{1622A794-458C-4268-AAFD-A8CEA567FBC3}.Debug|Any CPU.ActiveCfg = Debug|Any CPU
		{1622A794-458C-4268-AAFD-A8CEA567FBC3}.Debug|Any CPU.Build.0 = Debug|Any CPU
		{1622A794-458C-4268-AAFD-A8CEA567FBC3}.Release|Any CPU.ActiveCfg = Release|Any CPU
		{1622A794-458C-4268-AAFD-A8CEA567FBC3}.Release|Any CPU.Build.0 = Release|Any CPU
		{E1A9C6BE-280D-4246-A51B-A1B31565F50B}.Debug|Any CPU.ActiveCfg = Debug|Any CPU
		{E1A9C6BE-280D-4246-A51B-A1B31565F50B}.Debug|Any CPU.Build.0 = Debug|Any CPU
		{E1A9C6BE-280D-4246-A51B-A1B31565F50B}.Release|Any CPU.ActiveCfg = Release|Any CPU
		{E1A9C6BE-280D-4246-A51B-A1B31565F50B}.Release|Any CPU.Build.0 = Release|Any CPU
		{F04F6BE3-108F-4BF0-90C0-16BE4C89C004}.Debug|Any CPU.ActiveCfg = Debug|Any CPU
		{F04F6BE3-108F-4BF0-90C0-16BE4C89C004}.Debug|Any CPU.Build.0 = Debug|Any CPU
		{F04F6BE3-108F-4BF0-90C0-16BE4C89C004}.Release|Any CPU.ActiveCfg = Release|Any CPU
		{F04F6BE3-108F-4BF0-90C0-16BE4C89C004}.Release|Any CPU.Build.0 = Release|Any CPU
	EndGlobalSection
	GlobalSection(SolutionProperties) = preSolution
		HideSolutionNode = FALSE
	EndGlobalSection
	GlobalSection(ExtensibilityGlobals) = postSolution
		SolutionGuid = {D794A744-FD21-4AE9-91B0-63584E0B24FE}
	EndGlobalSection
EndGlobal
